
Microsoft Visual Studio Solution File, Format Version 12.00
# Visual Studio Version 16
VisualStudioVersion = 16.0.31112.23
MinimumVisualStudioVersion = 10.0.40219.1
Project("{FAE04EC0-301F-11D3-BF4B-00C04F79EFBC}") = "SyntaxWalker", "SyntaxWalker\SyntaxWalker.csproj", "{C9F3C1C9-F494-45F7-B700-08A44CFEF3D8}"
EndProject
Global
	GlobalSection(SolutionConfigurationPlatforms) = preSolution
		Debug|Any CPU = Debug|Any CPU
		Release|Any CPU = Release|Any CPU
	EndGlobalSection
	GlobalSection(ProjectConfigurationPlatforms) = postSolution
		{C9F3C1C9-F494-45F7-B700-08A44CFEF3D8}.Debug|Any CPU.ActiveCfg = Debug|Any CPU
		{C9F3C1C9-F494-45F7-B700-08A44CFEF3D8}.Debug|Any CPU.Build.0 = Debug|Any CPU
		{C9F3C1C9-F494-45F7-B700-08A44CFEF3D8}.Release|Any CPU.ActiveCfg = Release|Any CPU
		{C9F3C1C9-F494-45F7-B700-08A44CFEF3D8}.Release|Any CPU.Build.0 = Release|Any CPU
	EndGlobalSection
	GlobalSection(SolutionProperties) = preSolution
		HideSolutionNode = FALSE
	EndGlobalSection
	GlobalSection(ExtensibilityGlobals) = postSolution
		SolutionGuid = {B37CE076-8883-4ECD-BEB1-B1C5BE4CA294}
	EndGlobalSection
EndGlobal
