
Microsoft Visual Studio Solution File, Format Version 12.00
# Visual Studio Version 16
VisualStudioVersion = 16.0.31112.23
MinimumVisualStudioVersion = 10.0.40219.1
Project("{FAE04EC0-301F-11D3-BF4B-00C04F79EFBC}") = "TestingCSharpSyntaxRewriter", "TestingCSharpSyntaxRewriter\TestingCSharpSyntaxRewriter.csproj", "{35585BED-88C3-4139-AAB3-4B2931BED66C}"
EndProject
Global
	GlobalSection(SolutionConfigurationPlatforms) = preSolution
		Debug|Any CPU = Debug|Any CPU
		Release|Any CPU = Release|Any CPU
	EndGlobalSection
	GlobalSection(ProjectConfigurationPlatforms) = postSolution
		{35585BED-88C3-4139-AAB3-4B2931BED66C}.Debug|Any CPU.ActiveCfg = Debug|Any CPU
		{35585BED-88C3-4139-AAB3-4B2931BED66C}.Debug|Any CPU.Build.0 = Debug|Any CPU
		{35585BED-88C3-4139-AAB3-4B2931BED66C}.Release|Any CPU.ActiveCfg = Release|Any CPU
		{35585BED-88C3-4139-AAB3-4B2931BED66C}.Release|Any CPU.Build.0 = Release|Any CPU
	EndGlobalSection
	GlobalSection(SolutionProperties) = preSolution
		HideSolutionNode = FALSE
	EndGlobalSection
	GlobalSection(ExtensibilityGlobals) = postSolution
		SolutionGuid = {848C15A2-0B52-4480-8A75-62B66100BC6F}
	EndGlobalSection
EndGlobal
