
Microsoft Visual Studio Solution File, Format Version 12.00
# Visual Studio Version 16
VisualStudioVersion = 16.0.31112.23
MinimumVisualStudioVersion = 10.0.40219.1
Project("{FAE04EC0-301F-11D3-BF4B-00C04F79EFBC}") = "RoslynExample", "RoslynExample\RoslynExample.csproj", "{19F11DF6-BA97-4EE8-93CA-6EF520806727}"
EndProject
Global
	GlobalSection(SolutionConfigurationPlatforms) = preSolution
		Debug|Any CPU = Debug|Any CPU
		Release|Any CPU = Release|Any CPU
	EndGlobalSection
	GlobalSection(ProjectConfigurationPlatforms) = postSolution
		{19F11DF6-BA97-4EE8-93CA-6EF520806727}.Debug|Any CPU.ActiveCfg = Debug|Any CPU
		{19F11DF6-BA97-4EE8-93CA-6EF520806727}.Debug|Any CPU.Build.0 = Debug|Any CPU
		{19F11DF6-BA97-4EE8-93CA-6EF520806727}.Release|Any CPU.ActiveCfg = Release|Any CPU
		{19F11DF6-BA97-4EE8-93CA-6EF520806727}.Release|Any CPU.Build.0 = Release|Any CPU
	EndGlobalSection
	GlobalSection(SolutionProperties) = preSolution
		HideSolutionNode = FALSE
	EndGlobalSection
	GlobalSection(ExtensibilityGlobals) = postSolution
		SolutionGuid = {3FD2A302-DCC8-4A33-99A0-96F7E4A382B9}
	EndGlobalSection
EndGlobal
